// !$*UTF8*$!
{
	archiveVersion = 1;
	classes = {
	};
	objectVersion = 46;
	objects = {

/* Begin PBXBuildFile section */
		9FA0BDD31D9E1AFF0061FF3A /* main.m in Sources */ = {isa = PBXBuildFile; fileRef = 9FA0BDD21D9E1AFF0061FF3A /* main.m */; };
		9FA0BDD61D9E1AFF0061FF3A /* AppDelegate.m in Sources */ = {isa = PBXBuildFile; fileRef = 9FA0BDD51D9E1AFF0061FF3A /* AppDelegate.m */; };
		9FA0BDD91D9E1AFF0061FF3A /* ViewController.m in Sources */ = {isa = PBXBuildFile; fileRef = 9FA0BDD81D9E1AFF0061FF3A /* ViewController.m */; };
		9FA0BDDC1D9E1AFF0061FF3A /* Main.storyboard in Resources */ = {isa = PBXBuildFile; fileRef = 9FA0BDDA1D9E1AFF0061FF3A /* Main.storyboard */; };
		9FA0BDDE1D9E1AFF0061FF3A /* Assets.xcassets in Resources */ = {isa = PBXBuildFile; fileRef = 9FA0BDDD1D9E1AFF0061FF3A /* Assets.xcassets */; };
		9FA0BDE11D9E1AFF0061FF3A /* LaunchScreen.storyboard in Resources */ = {isa = PBXBuildFile; fileRef = 9FA0BDDF1D9E1AFF0061FF3A /* LaunchScreen.storyboard */; };
		9FA0BE7B1D9E262F0061FF3A /* CJSHUDHelper.m in Sources */ = {isa = PBXBuildFile; fileRef = 9FA0BE0F1D9E262F0061FF3A /* CJSHUDHelper.m */; };
		9FA0BE7C1D9E262F0061FF3A /* NetWorkingHelper.m in Sources */ = {isa = PBXBuildFile; fileRef = 9FA0BE121D9E262F0061FF3A /* NetWorkingHelper.m */; };
		9FA0BE7D1D9E262F0061FF3A /* UploadParam.m in Sources */ = {isa = PBXBuildFile; fileRef = 9FA0BE141D9E262F0061FF3A /* UploadParam.m */; };
		9FA0BE7E1D9E262F0061FF3A /* CJSTool.m in Sources */ = {isa = PBXBuildFile; fileRef = 9FA0BE181D9E262F0061FF3A /* CJSTool.m */; };
		9FA0BE7F1D9E262F0061FF3A /* AFHTTPSessionManager.m in Sources */ = {isa = PBXBuildFile; fileRef = 9FA0BE1F1D9E262F0061FF3A /* AFHTTPSessionManager.m */; };
		9FA0BE801D9E262F0061FF3A /* AFNetworkReachabilityManager.m in Sources */ = {isa = PBXBuildFile; fileRef = 9FA0BE221D9E262F0061FF3A /* AFNetworkReachabilityManager.m */; };
		9FA0BE811D9E262F0061FF3A /* AFSecurityPolicy.m in Sources */ = {isa = PBXBuildFile; fileRef = 9FA0BE241D9E262F0061FF3A /* AFSecurityPolicy.m */; };
		9FA0BE821D9E262F0061FF3A /* AFURLRequestSerialization.m in Sources */ = {isa = PBXBuildFile; fileRef = 9FA0BE261D9E262F0061FF3A /* AFURLRequestSerialization.m */; };
		9FA0BE831D9E262F0061FF3A /* AFURLResponseSerialization.m in Sources */ = {isa = PBXBuildFile; fileRef = 9FA0BE281D9E262F0061FF3A /* AFURLResponseSerialization.m */; };
		9FA0BE841D9E262F0061FF3A /* AFURLSessionManager.m in Sources */ = {isa = PBXBuildFile; fileRef = 9FA0BE2A1D9E262F0061FF3A /* AFURLSessionManager.m */; };
		9FA0BE8E1D9E262F0061FF3A /* Checkmark.png in Resources */ = {isa = PBXBuildFile; fileRef = 9FA0BE411D9E262F0061FF3A /* Checkmark.png */; };
		9FA0BE8F1D9E262F0061FF3A /* Checkmark@2x.png in Resources */ = {isa = PBXBuildFile; fileRef = 9FA0BE421D9E262F0061FF3A /* Checkmark@2x.png */; };
		9FA0BE901D9E262F0061FF3A /* Checkmark@3x.png in Resources */ = {isa = PBXBuildFile; fileRef = 9FA0BE431D9E262F0061FF3A /* Checkmark@3x.png */; };
		9FA0BE911D9E262F0061FF3A /* Error.png in Resources */ = {isa = PBXBuildFile; fileRef = 9FA0BE441D9E262F0061FF3A /* Error.png */; };
		9FA0BE921D9E262F0061FF3A /* Error@2x.png in Resources */ = {isa = PBXBuildFile; fileRef = 9FA0BE451D9E262F0061FF3A /* Error@2x.png */; };
		9FA0BE931D9E262F0061FF3A /* Error@3x.png in Resources */ = {isa = PBXBuildFile; fileRef = 9FA0BE461D9E262F0061FF3A /* Error@3x.png */; };
		9FA0BE941D9E262F0061FF3A /* Warning.png in Resources */ = {isa = PBXBuildFile; fileRef = 9FA0BE471D9E262F0061FF3A /* Warning.png */; };
		9FA0BE951D9E262F0061FF3A /* Warning@2x.png in Resources */ = {isa = PBXBuildFile; fileRef = 9FA0BE481D9E262F0061FF3A /* Warning@2x.png */; };
		9FA0BE961D9E262F0061FF3A /* Warning@3x.png in Resources */ = {isa = PBXBuildFile; fileRef = 9FA0BE491D9E262F0061FF3A /* Warning@3x.png */; };
		9FA0BE971D9E262F0061FF3A /* MBProgressHUD.m in Sources */ = {isa = PBXBuildFile; fileRef = 9FA0BE4B1D9E262F0061FF3A /* MBProgressHUD.m */; };
/* End PBXBuildFile section */

/* Begin PBXFileReference section */
		9FA0BDCE1D9E1AFF0061FF3A /* CJSNet-Hud.app */ = {isa = PBXFileReference; explicitFileType = wrapper.application; includeInIndex = 0; path = "CJSNet-Hud.app"; sourceTree = BUILT_PRODUCTS_DIR; };
		9FA0BDD21D9E1AFF0061FF3A /* main.m */ = {isa = PBXFileReference; lastKnownFileType = sourcecode.c.objc; path = main.m; sourceTree = "<group>"; };
		9FA0BDD41D9E1AFF0061FF3A /* AppDelegate.h */ = {isa = PBXFileReference; lastKnownFileType = sourcecode.c.h; path = AppDelegate.h; sourceTree = "<group>"; };
		9FA0BDD51D9E1AFF0061FF3A /* AppDelegate.m */ = {isa = PBXFileReference; lastKnownFileType = sourcecode.c.objc; path = AppDelegate.m; sourceTree = "<group>"; };
		9FA0BDD71D9E1AFF0061FF3A /* ViewController.h */ = {isa = PBXFileReference; lastKnownFileType = sourcecode.c.h; path = ViewController.h; sourceTree = "<group>"; };
		9FA0BDD81D9E1AFF0061FF3A /* ViewController.m */ = {isa = PBXFileReference; lastKnownFileType = sourcecode.c.objc; path = ViewController.m; sourceTree = "<group>"; };
		9FA0BDDB1D9E1AFF0061FF3A /* Base */ = {isa = PBXFileReference; lastKnownFileType = file.storyboard; name = Base; path = Base.lproj/Main.storyboard; sourceTree = "<group>"; };
		9FA0BDDD1D9E1AFF0061FF3A /* Assets.xcassets */ = {isa = PBXFileReference; lastKnownFileType = folder.assetcatalog; path = Assets.xcassets; sourceTree = "<group>"; };
		9FA0BDE01D9E1AFF0061FF3A /* Base */ = {isa = PBXFileReference; lastKnownFileType = file.storyboard; name = Base; path = Base.lproj/LaunchScreen.storyboard; sourceTree = "<group>"; };
		9FA0BDE21D9E1AFF0061FF3A /* Info.plist */ = {isa = PBXFileReference; lastKnownFileType = text.plist.xml; path = Info.plist; sourceTree = "<group>"; };
		9FA0BE0E1D9E262F0061FF3A /* CJSHUDHelper.h */ = {isa = PBXFileReference; fileEncoding = 4; lastKnownFileType = sourcecode.c.h; path = CJSHUDHelper.h; sourceTree = "<group>"; };
		9FA0BE0F1D9E262F0061FF3A /* CJSHUDHelper.m */ = {isa = PBXFileReference; fileEncoding = 4; lastKnownFileType = sourcecode.c.objc; path = CJSHUDHelper.m; sourceTree = "<group>"; };
		9FA0BE111D9E262F0061FF3A /* NetWorkingHelper.h */ = {isa = PBXFileReference; fileEncoding = 4; lastKnownFileType = sourcecode.c.h; path = NetWorkingHelper.h; sourceTree = "<group>"; };
		9FA0BE121D9E262F0061FF3A /* NetWorkingHelper.m */ = {isa = PBXFileReference; fileEncoding = 4; lastKnownFileType = sourcecode.c.objc; path = NetWorkingHelper.m; sourceTree = "<group>"; };
		9FA0BE131D9E262F0061FF3A /* UploadParam.h */ = {isa = PBXFileReference; fileEncoding = 4; lastKnownFileType = sourcecode.c.h; path = UploadParam.h; sourceTree = "<group>"; };
		9FA0BE141D9E262F0061FF3A /* UploadParam.m */ = {isa = PBXFileReference; fileEncoding = 4; lastKnownFileType = sourcecode.c.objc; path = UploadParam.m; sourceTree = "<group>"; };
		9FA0BE151D9E262F0061FF3A /* CMClasses.h */ = {isa = PBXFileReference; fileEncoding = 4; lastKnownFileType = sourcecode.c.h; path = CMClasses.h; sourceTree = "<group>"; };
		9FA0BE171D9E262F0061FF3A /* CJSTool.h */ = {isa = PBXFileReference; fileEncoding = 4; lastKnownFileType = sourcecode.c.h; path = CJSTool.h; sourceTree = "<group>"; };
		9FA0BE181D9E262F0061FF3A /* CJSTool.m */ = {isa = PBXFileReference; fileEncoding = 4; lastKnownFileType = sourcecode.c.objc; path = CJSTool.m; sourceTree = "<group>"; };
		9FA0BE191D9E262F0061FF3A /* CommonMacro.h */ = {isa = PBXFileReference; fileEncoding = 4; lastKnownFileType = sourcecode.c.h; path = CommonMacro.h; sourceTree = "<group>"; };
		9FA0BE1A1D9E262F0061FF3A /* ConstantMacro.h */ = {isa = PBXFileReference; fileEncoding = 4; lastKnownFileType = sourcecode.c.h; path = ConstantMacro.h; sourceTree = "<group>"; };
		9FA0BE1B1D9E262F0061FF3A /* NetWorkMacro.h */ = {isa = PBXFileReference; fileEncoding = 4; lastKnownFileType = sourcecode.c.h; path = NetWorkMacro.h; sourceTree = "<group>"; };
		9FA0BE1E1D9E262F0061FF3A /* AFHTTPSessionManager.h */ = {isa = PBXFileReference; fileEncoding = 4; lastKnownFileType = sourcecode.c.h; path = AFHTTPSessionManager.h; sourceTree = "<group>"; };
		9FA0BE1F1D9E262F0061FF3A /* AFHTTPSessionManager.m */ = {isa = PBXFileReference; fileEncoding = 4; lastKnownFileType = sourcecode.c.objc; path = AFHTTPSessionManager.m; sourceTree = "<group>"; };
		9FA0BE201D9E262F0061FF3A /* AFNetworking.h */ = {isa = PBXFileReference; fileEncoding = 4; lastKnownFileType = sourcecode.c.h; path = AFNetworking.h; sourceTree = "<group>"; };
		9FA0BE211D9E262F0061FF3A /* AFNetworkReachabilityManager.h */ = {isa = PBXFileReference; fileEncoding = 4; lastKnownFileType = sourcecode.c.h; path = AFNetworkReachabilityManager.h; sourceTree = "<group>"; };
		9FA0BE221D9E262F0061FF3A /* AFNetworkReachabilityManager.m */ = {isa = PBXFileReference; fileEncoding = 4; lastKnownFileType = sourcecode.c.objc; path = AFNetworkReachabilityManager.m; sourceTree = "<group>"; };
		9FA0BE231D9E262F0061FF3A /* AFSecurityPolicy.h */ = {isa = PBXFileReference; fileEncoding = 4; lastKnownFileType = sourcecode.c.h; path = AFSecurityPolicy.h; sourceTree = "<group>"; };
		9FA0BE241D9E262F0061FF3A /* AFSecurityPolicy.m */ = {isa = PBXFileReference; fileEncoding = 4; lastKnownFileType = sourcecode.c.objc; path = AFSecurityPolicy.m; sourceTree = "<group>"; };
		9FA0BE251D9E262F0061FF3A /* AFURLRequestSerialization.h */ = {isa = PBXFileReference; fileEncoding = 4; lastKnownFileType = sourcecode.c.h; path = AFURLRequestSerialization.h; sourceTree = "<group>"; };
		9FA0BE261D9E262F0061FF3A /* AFURLRequestSerialization.m */ = {isa = PBXFileReference; fileEncoding = 4; lastKnownFileType = sourcecode.c.objc; path = AFURLRequestSerialization.m; sourceTree = "<group>"; };
		9FA0BE271D9E262F0061FF3A /* AFURLResponseSerialization.h */ = {isa = PBXFileReference; fileEncoding = 4; lastKnownFileType = sourcecode.c.h; path = AFURLResponseSerialization.h; sourceTree = "<group>"; };
		9FA0BE281D9E262F0061FF3A /* AFURLResponseSerialization.m */ = {isa = PBXFileReference; fileEncoding = 4; lastKnownFileType = sourcecode.c.objc; path = AFURLResponseSerialization.m; sourceTree = "<group>"; };
		9FA0BE291D9E262F0061FF3A /* AFURLSessionManager.h */ = {isa = PBXFileReference; fileEncoding = 4; lastKnownFileType = sourcecode.c.h; path = AFURLSessionManager.h; sourceTree = "<group>"; };
		9FA0BE2A1D9E262F0061FF3A /* AFURLSessionManager.m */ = {isa = PBXFileReference; fileEncoding = 4; lastKnownFileType = sourcecode.c.objc; path = AFURLSessionManager.m; sourceTree = "<group>"; };
		9FA0BE411D9E262F0061FF3A /* Checkmark.png */ = {isa = PBXFileReference; lastKnownFileType = image.png; path = Checkmark.png; sourceTree = "<group>"; };
		9FA0BE421D9E262F0061FF3A /* Checkmark@2x.png */ = {isa = PBXFileReference; lastKnownFileType = image.png; path = "Checkmark@2x.png"; sourceTree = "<group>"; };
		9FA0BE431D9E262F0061FF3A /* Checkmark@3x.png */ = {isa = PBXFileReference; lastKnownFileType = image.png; path = "Checkmark@3x.png"; sourceTree = "<group>"; };
		9FA0BE441D9E262F0061FF3A /* Error.png */ = {isa = PBXFileReference; lastKnownFileType = image.png; path = Error.png; sourceTree = "<group>"; };
		9FA0BE451D9E262F0061FF3A /* Error@2x.png */ = {isa = PBXFileReference; lastKnownFileType = image.png; path = "Error@2x.png"; sourceTree = "<group>"; };
		9FA0BE461D9E262F0061FF3A /* Error@3x.png */ = {isa = PBXFileReference; lastKnownFileType = image.png; path = "Error@3x.png"; sourceTree = "<group>"; };
		9FA0BE471D9E262F0061FF3A /* Warning.png */ = {isa = PBXFileReference; lastKnownFileType = image.png; path = Warning.png; sourceTree = "<group>"; };
		9FA0BE481D9E262F0061FF3A /* Warning@2x.png */ = {isa = PBXFileReference; lastKnownFileType = image.png; path = "Warning@2x.png"; sourceTree = "<group>"; };
		9FA0BE491D9E262F0061FF3A /* Warning@3x.png */ = {isa = PBXFileReference; lastKnownFileType = image.png; path = "Warning@3x.png"; sourceTree = "<group>"; };
		9FA0BE4A1D9E262F0061FF3A /* MBProgressHUD.h */ = {isa = PBXFileReference; fileEncoding = 4; lastKnownFileType = sourcecode.c.h; path = MBProgressHUD.h; sourceTree = "<group>"; };
		9FA0BE4B1D9E262F0061FF3A /* MBProgressHUD.m */ = {isa = PBXFileReference; fileEncoding = 4; lastKnownFileType = sourcecode.c.objc; path = MBProgressHUD.m; sourceTree = "<group>"; };
/* End PBXFileReference section */

/* Begin PBXFrameworksBuildPhase section */
		9FA0BDCB1D9E1AFF0061FF3A /* Frameworks */ = {
			isa = PBXFrameworksBuildPhase;
			buildActionMask = 2147483647;
			files = (
			);
			runOnlyForDeploymentPostprocessing = 0;
		};
/* End PBXFrameworksBuildPhase section */

/* Begin PBXGroup section */
		9FA0BDC51D9E1AFF0061FF3A = {
			isa = PBXGroup;
			children = (
				9FA0BDD01D9E1AFF0061FF3A /* CJSNet-Hud */,
				9FA0BDCF1D9E1AFF0061FF3A /* Products */,
			);
			sourceTree = "<group>";
		};
		9FA0BDCF1D9E1AFF0061FF3A /* Products */ = {
			isa = PBXGroup;
			children = (
				9FA0BDCE1D9E1AFF0061FF3A /* CJSNet-Hud.app */,
			);
			name = Products;
			sourceTree = "<group>";
		};
		9FA0BDD01D9E1AFF0061FF3A /* CJSNet-Hud */ = {
			isa = PBXGroup;
			children = (
				9FA0BE0C1D9E262F0061FF3A /* CMClasses */,
				9FA0BDD41D9E1AFF0061FF3A /* AppDelegate.h */,
				9FA0BDD51D9E1AFF0061FF3A /* AppDelegate.m */,
				9FA0BDD71D9E1AFF0061FF3A /* ViewController.h */,
				9FA0BDD81D9E1AFF0061FF3A /* ViewController.m */,
				9FA0BDDA1D9E1AFF0061FF3A /* Main.storyboard */,
				9FA0BDDD1D9E1AFF0061FF3A /* Assets.xcassets */,
				9FA0BDDF1D9E1AFF0061FF3A /* LaunchScreen.storyboard */,
				9FA0BDE21D9E1AFF0061FF3A /* Info.plist */,
				9FA0BDD11D9E1AFF0061FF3A /* Supporting Files */,
			);
			path = "CJSNet-Hud";
			sourceTree = "<group>";
		};
		9FA0BDD11D9E1AFF0061FF3A /* Supporting Files */ = {
			isa = PBXGroup;
			children = (
				9FA0BDD21D9E1AFF0061FF3A /* main.m */,
			);
			name = "Supporting Files";
			sourceTree = "<group>";
		};
		9FA0BE0C1D9E262F0061FF3A /* CMClasses */ = {
			isa = PBXGroup;
			children = (
				9FA0BE151D9E262F0061FF3A /* CMClasses.h */,
				9FA0BE0D1D9E262F0061FF3A /* CJSHUDHelper */,
				9FA0BE101D9E262F0061FF3A /* CJSNetWorkHelper */,
				9FA0BE161D9E262F0061FF3A /* Tools */,
				9FA0BE1C1D9E262F0061FF3A /* Vender */,
			);
			path = CMClasses;
			sourceTree = "<group>";
		};
		9FA0BE0D1D9E262F0061FF3A /* CJSHUDHelper */ = {
			isa = PBXGroup;
			children = (
				9FA0BE0E1D9E262F0061FF3A /* CJSHUDHelper.h */,
				9FA0BE0F1D9E262F0061FF3A /* CJSHUDHelper.m */,
			);
			path = CJSHUDHelper;
			sourceTree = "<group>";
		};
		9FA0BE101D9E262F0061FF3A /* CJSNetWorkHelper */ = {
			isa = PBXGroup;
			children = (
				9FA0BE111D9E262F0061FF3A /* NetWorkingHelper.h */,
				9FA0BE121D9E262F0061FF3A /* NetWorkingHelper.m */,
				9FA0BE131D9E262F0061FF3A /* UploadParam.h */,
				9FA0BE141D9E262F0061FF3A /* UploadParam.m */,
			);
			path = CJSNetWorkHelper;
			sourceTree = "<group>";
		};
		9FA0BE161D9E262F0061FF3A /* Tools */ = {
			isa = PBXGroup;
			children = (
				9FA0BE171D9E262F0061FF3A /* CJSTool.h */,
				9FA0BE181D9E262F0061FF3A /* CJSTool.m */,
				9FA0BE191D9E262F0061FF3A /* CommonMacro.h */,
				9FA0BE1A1D9E262F0061FF3A /* ConstantMacro.h */,
				9FA0BE1B1D9E262F0061FF3A /* NetWorkMacro.h */,
			);
			path = Tools;
			sourceTree = "<group>";
		};
		9FA0BE1C1D9E262F0061FF3A /* Vender */ = {
			isa = PBXGroup;
			children = (
				9FA0BE1D1D9E262F0061FF3A /* AFNetworking */,
				9FA0BE3F1D9E262F0061FF3A /* MBProgressHUD */,
			);
			path = Vender;
			sourceTree = "<group>";
		};
		9FA0BE1D1D9E262F0061FF3A /* AFNetworking */ = {
			isa = PBXGroup;
			children = (
				9FA0BE1E1D9E262F0061FF3A /* AFHTTPSessionManager.h */,
				9FA0BE1F1D9E262F0061FF3A /* AFHTTPSessionManager.m */,
				9FA0BE201D9E262F0061FF3A /* AFNetworking.h */,
				9FA0BE211D9E262F0061FF3A /* AFNetworkReachabilityManager.h */,
				9FA0BE221D9E262F0061FF3A /* AFNetworkReachabilityManager.m */,
				9FA0BE231D9E262F0061FF3A /* AFSecurityPolicy.h */,
				9FA0BE241D9E262F0061FF3A /* AFSecurityPolicy.m */,
				9FA0BE251D9E262F0061FF3A /* AFURLRequestSerialization.h */,
				9FA0BE261D9E262F0061FF3A /* AFURLRequestSerialization.m */,
				9FA0BE271D9E262F0061FF3A /* AFURLResponseSerialization.h */,
				9FA0BE281D9E262F0061FF3A /* AFURLResponseSerialization.m */,
				9FA0BE291D9E262F0061FF3A /* AFURLSessionManager.h */,
				9FA0BE2A1D9E262F0061FF3A /* AFURLSessionManager.m */,
			);
			path = AFNetworking;
			sourceTree = "<group>";
		};
		9FA0BE3F1D9E262F0061FF3A /* MBProgressHUD */ = {
			isa = PBXGroup;
			children = (
				9FA0BE401D9E262F0061FF3A /* images */,
				9FA0BE4A1D9E262F0061FF3A /* MBProgressHUD.h */,
				9FA0BE4B1D9E262F0061FF3A /* MBProgressHUD.m */,
			);
			path = MBProgressHUD;
			sourceTree = "<group>";
		};
		9FA0BE401D9E262F0061FF3A /* images */ = {
			isa = PBXGroup;
			children = (
				9FA0BE411D9E262F0061FF3A /* Checkmark.png */,
				9FA0BE421D9E262F0061FF3A /* Checkmark@2x.png */,
				9FA0BE431D9E262F0061FF3A /* Checkmark@3x.png */,
				9FA0BE441D9E262F0061FF3A /* Error.png */,
				9FA0BE451D9E262F0061FF3A /* Error@2x.png */,
				9FA0BE461D9E262F0061FF3A /* Error@3x.png */,
				9FA0BE471D9E262F0061FF3A /* Warning.png */,
				9FA0BE481D9E262F0061FF3A /* Warning@2x.png */,
				9FA0BE491D9E262F0061FF3A /* Warning@3x.png */,
			);
			path = images;
			sourceTree = "<group>";
		};
/* End PBXGroup section */

/* Begin PBXNativeTarget section */
		9FA0BDCD1D9E1AFF0061FF3A /* CJSNet-Hud */ = {
			isa = PBXNativeTarget;
			buildConfigurationList = 9FA0BDE51D9E1AFF0061FF3A /* Build configuration list for PBXNativeTarget "CJSNet-Hud" */;
			buildPhases = (
				9FA0BDCA1D9E1AFF0061FF3A /* Sources */,
				9FA0BDCB1D9E1AFF0061FF3A /* Frameworks */,
				9FA0BDCC1D9E1AFF0061FF3A /* Resources */,
			);
			buildRules = (
			);
			dependencies = (
			);
			name = "CJSNet-Hud";
			productName = "CJSNet-Hud";
			productReference = 9FA0BDCE1D9E1AFF0061FF3A /* CJSNet-Hud.app */;
			productType = "com.apple.product-type.application";
		};
/* End PBXNativeTarget section */

/* Begin PBXProject section */
		9FA0BDC61D9E1AFF0061FF3A /* Project object */ = {
			isa = PBXProject;
			attributes = {
				LastUpgradeCheck = 0800;
				ORGANIZATIONNAME = CJS;
				TargetAttributes = {
					9FA0BDCD1D9E1AFF0061FF3A = {
						CreatedOnToolsVersion = 8.0;
						ProvisioningStyle = Automatic;
					};
				};
			};
			buildConfigurationList = 9FA0BDC91D9E1AFF0061FF3A /* Build configuration list for PBXProject "CJSNet-Hud" */;
			compatibilityVersion = "Xcode 3.2";
			developmentRegion = English;
			hasScannedForEncodings = 0;
			knownRegions = (
				en,
				Base,
			);
			mainGroup = 9FA0BDC51D9E1AFF0061FF3A;
			productRefGroup = 9FA0BDCF1D9E1AFF0061FF3A /* Products */;
			projectDirPath = "";
			projectRoot = "";
			targets = (
				9FA0BDCD1D9E1AFF0061FF3A /* CJSNet-Hud */,
			);
		};
/* End PBXProject section */

/* Begin PBXResourcesBuildPhase section */
		9FA0BDCC1D9E1AFF0061FF3A /* Resources */ = {
			isa = PBXResourcesBuildPhase;
			buildActionMask = 2147483647;
			files = (
				9FA0BE941D9E262F0061FF3A /* Warning.png in Resources */,
				9FA0BDE11D9E1AFF0061FF3A /* LaunchScreen.storyboard in Resources */,
				9FA0BE8E1D9E262F0061FF3A /* Checkmark.png in Resources */,
				9FA0BDDE1D9E1AFF0061FF3A /* Assets.xcassets in Resources */,
				9FA0BE921D9E262F0061FF3A /* Error@2x.png in Resources */,
				9FA0BE901D9E262F0061FF3A /* Checkmark@3x.png in Resources */,
				9FA0BE961D9E262F0061FF3A /* Warning@3x.png in Resources */,
				9FA0BE951D9E262F0061FF3A /* Warning@2x.png in Resources */,
				9FA0BE911D9E262F0061FF3A /* Error.png in Resources */,
				9FA0BDDC1D9E1AFF0061FF3A /* Main.storyboard in Resources */,
				9FA0BE8F1D9E262F0061FF3A /* Checkmark@2x.png in Resources */,
				9FA0BE931D9E262F0061FF3A /* Error@3x.png in Resources */,
			);
			runOnlyForDeploymentPostprocessing = 0;
		};
/* End PBXResourcesBuildPhase section */

/* Begin PBXSourcesBuildPhase section */
		9FA0BDCA1D9E1AFF0061FF3A /* Sources */ = {
			isa = PBXSourcesBuildPhase;
			buildActionMask = 2147483647;
			files = (
				9FA0BE7D1D9E262F0061FF3A /* UploadParam.m in Sources */,
				9FA0BE801D9E262F0061FF3A /* AFNetworkReachabilityManager.m in Sources */,
				9FA0BE971D9E262F0061FF3A /* MBProgressHUD.m in Sources */,
				9FA0BDD91D9E1AFF0061FF3A /* ViewController.m in Sources */,
				9FA0BE7E1D9E262F0061FF3A /* CJSTool.m in Sources */,
				9FA0BE7C1D9E262F0061FF3A /* NetWorkingHelper.m in Sources */,
				9FA0BDD61D9E1AFF0061FF3A /* AppDelegate.m in Sources */,
				9FA0BE811D9E262F0061FF3A /* AFSecurityPolicy.m in Sources */,
				9FA0BE821D9E262F0061FF3A /* AFURLRequestSerialization.m in Sources */,
				9FA0BE7B1D9E262F0061FF3A /* CJSHUDHelper.m in Sources */,
				9FA0BDD31D9E1AFF0061FF3A /* main.m in Sources */,
				9FA0BE831D9E262F0061FF3A /* AFURLResponseSerialization.m in Sources */,
				9FA0BE841D9E262F0061FF3A /* AFURLSessionManager.m in Sources */,
				9FA0BE7F1D9E262F0061FF3A /* AFHTTPSessionManager.m in Sources */,
			);
			runOnlyForDeploymentPostprocessing = 0;
		};
/* End PBXSourcesBuildPhase section */

/* Begin PBXVariantGroup section */
		9FA0BDDA1D9E1AFF0061FF3A /* Main.storyboard */ = {
			isa = PBXVariantGroup;
			children = (
				9FA0BDDB1D9E1AFF0061FF3A /* Base */,
			);
			name = Main.storyboard;
			sourceTree = "<group>";
		};
		9FA0BDDF1D9E1AFF0061FF3A /* LaunchScreen.storyboard */ = {
			isa = PBXVariantGroup;
			children = (
				9FA0BDE01D9E1AFF0061FF3A /* Base */,
			);
			name = LaunchScreen.storyboard;
			sourceTree = "<group>";
		};
/* End PBXVariantGroup section */

/* Begin XCBuildConfiguration section */
		9FA0BDE31D9E1AFF0061FF3A /* Debug */ = {
			isa = XCBuildConfiguration;
			buildSettings = {
				ALWAYS_SEARCH_USER_PATHS = NO;
				CLANG_ANALYZER_NONNULL = YES;
				CLANG_CXX_LANGUAGE_STANDARD = "gnu++0x";
				CLANG_CXX_LIBRARY = "libc++";
				CLANG_ENABLE_MODULES = YES;
				CLANG_ENABLE_OBJC_ARC = YES;
				CLANG_WARN_BOOL_CONVERSION = YES;
				CLANG_WARN_CONSTANT_CONVERSION = YES;
				CLANG_WARN_DIRECT_OBJC_ISA_USAGE = YES_ERROR;
				CLANG_WARN_DOCUMENTATION_COMMENTS = YES;
				CLANG_WARN_EMPTY_BODY = YES;
				CLANG_WARN_ENUM_CONVERSION = YES;
				CLANG_WARN_INFINITE_RECURSION = YES;
				CLANG_WARN_INT_CONVERSION = YES;
				CLANG_WARN_OBJC_ROOT_CLASS = YES_ERROR;
				CLANG_WARN_SUSPICIOUS_MOVES = YES;
				CLANG_WARN_UNREACHABLE_CODE = YES;
				CLANG_WARN__DUPLICATE_METHOD_MATCH = YES;
				"CODE_SIGN_IDENTITY[sdk=iphoneos*]" = "iPhone Developer";
				COPY_PHASE_STRIP = NO;
				DEBUG_INFORMATION_FORMAT = dwarf;
				ENABLE_STRICT_OBJC_MSGSEND = YES;
				ENABLE_TESTABILITY = YES;
				GCC_C_LANGUAGE_STANDARD = gnu99;
				GCC_DYNAMIC_NO_PIC = NO;
				GCC_NO_COMMON_BLOCKS = YES;
				GCC_OPTIMIZATION_LEVEL = 0;
				GCC_PREPROCESSOR_DEFINITIONS = (
					"DEBUG=1",
					"$(inherited)",
				);
				GCC_WARN_64_TO_32_BIT_CONVERSION = YES;
				GCC_WARN_ABOUT_RETURN_TYPE = YES_ERROR;
				GCC_WARN_UNDECLARED_SELECTOR = YES;
				GCC_WARN_UNINITIALIZED_AUTOS = YES_AGGRESSIVE;
				GCC_WARN_UNUSED_FUNCTION = YES;
				GCC_WARN_UNUSED_VARIABLE = YES;
				IPHONEOS_DEPLOYMENT_TARGET = 10.0;
				MTL_ENABLE_DEBUG_INFO = YES;
				ONLY_ACTIVE_ARCH = YES;
				SDKROOT = iphoneos;
				TARGETED_DEVICE_FAMILY = "1,2";
			};
			name = Debug;
		};
		9FA0BDE41D9E1AFF0061FF3A /* Release */ = {
			isa = XCBuildConfiguration;
			buildSettings = {
				ALWAYS_SEARCH_USER_PATHS = NO;
				CLANG_ANALYZER_NONNULL = YES;
				CLANG_CXX_LANGUAGE_STANDARD = "gnu++0x";
				CLANG_CXX_LIBRARY = "libc++";
				CLANG_ENABLE_MODULES = YES;
				CLANG_ENABLE_OBJC_ARC = YES;
				CLANG_WARN_BOOL_CONVERSION = YES;
				CLANG_WARN_CONSTANT_CONVERSION = YES;
				CLANG_WARN_DIRECT_OBJC_ISA_USAGE = YES_ERROR;
				CLANG_WARN_DOCUMENTATION_COMMENTS = YES;
				CLANG_WARN_EMPTY_BODY = YES;
				CLANG_WARN_ENUM_CONVERSION = YES;
				CLANG_WARN_INFINITE_RECURSION = YES;
				CLANG_WARN_INT_CONVERSION = YES;
				CLANG_WARN_OBJC_ROOT_CLASS = YES_ERROR;
				CLANG_WARN_SUSPICIOUS_MOVES = YES;
				CLANG_WARN_UNREACHABLE_CODE = YES;
				CLANG_WARN__DUPLICATE_METHOD_MATCH = YES;
				"CODE_SIGN_IDENTITY[sdk=iphoneos*]" = "iPhone Developer";
				COPY_PHASE_STRIP = NO;
				DEBUG_INFORMATION_FORMAT = "dwarf-with-dsym";
				ENABLE_NS_ASSERTIONS = NO;
				ENABLE_STRICT_OBJC_MSGSEND = YES;
				GCC_C_LANGUAGE_STANDARD = gnu99;
				GCC_NO_COMMON_BLOCKS = YES;
				GCC_WARN_64_TO_32_BIT_CONVERSION = YES;
				GCC_WARN_ABOUT_RETURN_TYPE = YES_ERROR;
				GCC_WARN_UNDECLARED_SELECTOR = YES;
				GCC_WARN_UNINITIALIZED_AUTOS = YES_AGGRESSIVE;
				GCC_WARN_UNUSED_FUNCTION = YES;
				GCC_WARN_UNUSED_VARIABLE = YES;
				IPHONEOS_DEPLOYMENT_TARGET = 10.0;
				MTL_ENABLE_DEBUG_INFO = NO;
				SDKROOT = iphoneos;
				TARGETED_DEVICE_FAMILY = "1,2";
				VALIDATE_PRODUCT = YES;
			};
			name = Release;
		};
		9FA0BDE61D9E1AFF0061FF3A /* Debug */ = {
			isa = XCBuildConfiguration;
			buildSettings = {
				ASSETCATALOG_COMPILER_APPICON_NAME = AppIcon;
				INFOPLIST_FILE = "CJSNet-Hud/Info.plist";
				LD_RUNPATH_SEARCH_PATHS = "$(inherited) @executable_path/Frameworks";
				PRODUCT_BUNDLE_IDENTIFIER = "com.cjs.CJSNet-Hud";
				PRODUCT_NAME = "$(TARGET_NAME)";
			};
			name = Debug;
		};
		9FA0BDE71D9E1AFF0061FF3A /* Release */ = {
			isa = XCBuildConfiguration;
			buildSettings = {
				ASSETCATALOG_COMPILER_APPICON_NAME = AppIcon;
				INFOPLIST_FILE = "CJSNet-Hud/Info.plist";
				LD_RUNPATH_SEARCH_PATHS = "$(inherited) @executable_path/Frameworks";
				PRODUCT_BUNDLE_IDENTIFIER = "com.cjs.CJSNet-Hud";
				PRODUCT_NAME = "$(TARGET_NAME)";
			};
			name = Release;
		};
/* End XCBuildConfiguration section */

/* Begin XCConfigurationList section */
		9FA0BDC91D9E1AFF0061FF3A /* Build configuration list for PBXProject "CJSNet-Hud" */ = {
			isa = XCConfigurationList;
			buildConfigurations = (
				9FA0BDE31D9E1AFF0061FF3A /* Debug */,
				9FA0BDE41D9E1AFF0061FF3A /* Release */,
			);
			defaultConfigurationIsVisible = 0;
			defaultConfigurationName = Release;
		};
		9FA0BDE51D9E1AFF0061FF3A /* Build configuration list for PBXNativeTarget "CJSNet-Hud" */ = {
			isa = XCConfigurationList;
			buildConfigurations = (
				9FA0BDE61D9E1AFF0061FF3A /* Debug */,
				9FA0BDE71D9E1AFF0061FF3A /* Release */,
			);
			defaultConfigurationIsVisible = 0;
			defaultConfigurationName = Release;
		};
/* End XCConfigurationList section */
	};
	rootObject = 9FA0BDC61D9E1AFF0061FF3A /* Project object */;
}
